
Microsoft Visual Studio Solution File, Format Version 12.00
# Visual Studio 2013
VisualStudioVersion = 12.0.31101.0
MinimumVisualStudioVersion = 10.0.40219.1
Project("{FAE04EC0-301F-11D3-BF4B-00C04F79EFBC}") = "SocketDemo", "SocketDemo\SocketDemo.csproj", "{A7D492A6-5AEF-41A2-9697-1E3C48E29C19}"
EndProject
Global
	GlobalSection(SolutionConfigurationPlatforms) = preSolution
		Debug|Any CPU = Debug|Any CPU
		Release|Any CPU = Release|Any CPU
	EndGlobalSection
	GlobalSection(ProjectConfigurationPlatforms) = postSolution
		{A7D492A6-5AEF-41A2-9697-1E3C48E29C19}.Debug|Any CPU.ActiveCfg = Debug|Any CPU
		{A7D492A6-5AEF-41A2-9697-1E3C48E29C19}.Debug|Any CPU.Build.0 = Debug|Any CPU
		{A7D492A6-5AEF-41A2-9697-1E3C48E29C19}.Release|Any CPU.ActiveCfg = Release|Any CPU
		{A7D492A6-5AEF-41A2-9697-1E3C48E29C19}.Release|Any CPU.Build.0 = Release|Any CPU
	EndGlobalSection
	GlobalSection(SolutionProperties) = preSolution
		HideSolutionNode = FALSE
	EndGlobalSection
EndGlobal
